{
	"name": "html-fault",
	"version": "0.1.0",
	"lockfileVersion": 1,
	"requires": true,
	"dependencies": {
		"downloadjs": {
			"version": "1.4.7",
			"resolved": "https://registry.npmjs.org/downloadjs/-/downloadjs-1.4.7.tgz",
			"integrity": "sha1-9p+W+UDg0FU9rCkROYZaPNAQHjw="
		},
		"js-string-escape": {
			"version": "https://registry.npmjs.org/js-string-escape/-/js-string-escape-1.0.1.tgz",
			"integrity": "sha1-4mJbrbwNZ8dTPp7cEGjFh65BN+8=",
			"dev": true
		},
		"sjcl": {
			"version": "1.0.7",
			"resolved": "https://registry.npmjs.org/sjcl/-/sjcl-1.0.7.tgz",
			"integrity": "sha1-MrNlpQ3Ju6JriLo8nfjqNCF9n0U="
		}
	}
}
